// !$*UTF8*$!
{
	archiveVersion = 1;
	classes = {
	};
	objectVersion = 46;
	objects = {

/* Begin PBXBuildFile section */
		FCA1506FC8FEAD5360DE3A38 /* Assets.xcassets in Resources */ = {isa = PBXBuildFile; fileRef = FCA150C82ADAAAC27BAF09A2 /* Assets.xcassets */; };
		FCA154CFA18C6441E7E27E30 /* Main.storyboard in Resources */ = {isa = PBXBuildFile; fileRef = FCA150B3A9B75DDDFDB76F68 /* Main.storyboard */; };
		FCA156B335D9F394A315BAF0 /* SetVC.swift in Sources */ = {isa = PBXBuildFile; fileRef = FCA1520ECE8724C2E13A2028 /* SetVC.swift */; };
		FCA157C4E8D5C3873B4483AD /* AppDelegate.swift in Sources */ = {isa = PBXBuildFile; fileRef = FCA1553D0362CFD61C457CA5 /* AppDelegate.swift */; };
		FCA159693CBC86259B15C5C5 /* LaunchScreen.storyboard in Resources */ = {isa = PBXBuildFile; fileRef = FCA15C6C843FAB033EF67382 /* LaunchScreen.storyboard */; };
		FCA15A9550A1D5BD3AA291F1 /* NightManager.swift in Sources */ = {isa = PBXBuildFile; fileRef = FCA15B7D0BD31B5CE7287935 /* NightManager.swift */; };
		FCA15BFC3D31B9FF5D02C1AD /* ViewController.swift in Sources */ = {isa = PBXBuildFile; fileRef = FCA152C83EBEE6BC18D133D9 /* ViewController.swift */; };
/* End PBXBuildFile section */

/* Begin PBXFileReference section */
		FCA150045EAD396016BC4FE3 /* Base */ = {isa = PBXFileReference; lastKnownFileType = file.storyboard; name = Base; path = Base.lproj/LaunchScreen.storyboard; sourceTree = "<group>"; };
		FCA150C82ADAAAC27BAF09A2 /* Assets.xcassets */ = {isa = PBXFileReference; lastKnownFileType = folder.assetcatalog; path = Assets.xcassets; sourceTree = "<group>"; };
		FCA1520ECE8724C2E13A2028 /* SetVC.swift */ = {isa = PBXFileReference; fileEncoding = 4; lastKnownFileType = sourcecode.swift; path = SetVC.swift; sourceTree = "<group>"; };
		FCA152C83EBEE6BC18D133D9 /* ViewController.swift */ = {isa = PBXFileReference; lastKnownFileType = sourcecode.swift; path = ViewController.swift; sourceTree = "<group>"; };
		FCA1553D0362CFD61C457CA5 /* AppDelegate.swift */ = {isa = PBXFileReference; lastKnownFileType = sourcecode.swift; path = AppDelegate.swift; sourceTree = "<group>"; };
		FCA15B64DC61AFF0CDFAF476 /* Base */ = {isa = PBXFileReference; lastKnownFileType = file.storyboard; name = Base; path = Base.lproj/Main.storyboard; sourceTree = "<group>"; };
		FCA15B7D0BD31B5CE7287935 /* NightManager.swift */ = {isa = PBXFileReference; fileEncoding = 4; lastKnownFileType = sourcecode.swift; path = NightManager.swift; sourceTree = "<group>"; };
		FCA15D1DABD3DFF0064A104E /* Info.plist */ = {isa = PBXFileReference; lastKnownFileType = text.plist.info; path = Info.plist; sourceTree = "<group>"; };
		FCA15F4CFF996F5A44B63D00 /* NightMode_Leon.app */ = {isa = PBXFileReference; explicitFileType = wrapper.application; includeInIndex = 0; path = NightMode_Leon.app; sourceTree = BUILT_PRODUCTS_DIR; };
/* End PBXFileReference section */

/* Begin PBXFrameworksBuildPhase section */
		FCA15849CC6CA9CC4991C82D /* Frameworks */ = {
			isa = PBXFrameworksBuildPhase;
			buildActionMask = 2147483647;
			files = (
			);
			runOnlyForDeploymentPostprocessing = 0;
		};
/* End PBXFrameworksBuildPhase section */

/* Begin PBXGroup section */
		FCA1578706A55A32700FA37F = {
			isa = PBXGroup;
			children = (
				FCA15BD93E3816D22C5E0AD2 /* Products */,
				FCA15DED9D03356EBA3664D6 /* NightMode_Leon */,
			);
			sourceTree = "<group>";
		};
		FCA15BD93E3816D22C5E0AD2 /* Products */ = {
			isa = PBXGroup;
			children = (
				FCA15F4CFF996F5A44B63D00 /* NightMode_Leon.app */,
			);
			name = Products;
			sourceTree = "<group>";
		};
		FCA15DED9D03356EBA3664D6 /* NightMode_Leon */ = {
			isa = PBXGroup;
			children = (
				FCA15D1DABD3DFF0064A104E /* Info.plist */,
				FCA150C82ADAAAC27BAF09A2 /* Assets.xcassets */,
				FCA15C6C843FAB033EF67382 /* LaunchScreen.storyboard */,
				FCA1553D0362CFD61C457CA5 /* AppDelegate.swift */,
				FCA150B3A9B75DDDFDB76F68 /* Main.storyboard */,
				FCA152C83EBEE6BC18D133D9 /* ViewController.swift */,
				FCA15B7D0BD31B5CE7287935 /* NightManager.swift */,
				FCA1520ECE8724C2E13A2028 /* SetVC.swift */,
			);
			path = NightMode_Leon;
			sourceTree = "<group>";
		};
/* End PBXGroup section */

/* Begin PBXNativeTarget section */
		FCA1519A9CD2FDF62DEE536B /* NightMode_Leon */ = {
			isa = PBXNativeTarget;
			buildConfigurationList = FCA15C98C321024FF819B3E0 /* Build configuration list for PBXNativeTarget "NightMode_Leon" */;
			buildPhases = (
				FCA15CD967E4071093E92563 /* Sources */,
				FCA15849CC6CA9CC4991C82D /* Frameworks */,
				FCA151797BE1A2155DC91701 /* Resources */,
			);
			buildRules = (
			);
			dependencies = (
			);
			name = NightMode_Leon;
			productName = NightMode_Leon;
			productReference = FCA15F4CFF996F5A44B63D00 /* NightMode_Leon.app */;
			productType = "com.apple.product-type.application";
		};
/* End PBXNativeTarget section */

/* Begin PBXProject section */
		FCA156DE36C631C2BC01026C /* Project object */ = {
			isa = PBXProject;
			attributes = {
				ORGANIZATIONNAME = clem;
				TargetAttributes = {
					FCA1519A9CD2FDF62DEE536B = {
						DevelopmentTeam = FCKB72E74L;
					};
				};
			};
			buildConfigurationList = FCA15C968A49C4FB85E8A2F7 /* Build configuration list for PBXProject "NightMode_Leon" */;
			compatibilityVersion = "Xcode 3.2";
			developmentRegion = English;
			hasScannedForEncodings = 0;
			knownRegions = (
				en,
			);
			mainGroup = FCA1578706A55A32700FA37F;
			productRefGroup = FCA15BD93E3816D22C5E0AD2 /* Products */;
			projectDirPath = "";
			projectRoot = "";
			targets = (
				FCA1519A9CD2FDF62DEE536B /* NightMode_Leon */,
			);
		};
/* End PBXProject section */

/* Begin PBXResourcesBuildPhase section */
		FCA151797BE1A2155DC91701 /* Resources */ = {
			isa = PBXResourcesBuildPhase;
			buildActionMask = 2147483647;
			files = (
				FCA1506FC8FEAD5360DE3A38 /* Assets.xcassets in Resources */,
				FCA159693CBC86259B15C5C5 /* LaunchScreen.storyboard in Resources */,
				FCA154CFA18C6441E7E27E30 /* Main.storyboard in Resources */,
			);
			runOnlyForDeploymentPostprocessing = 0;
		};
/* End PBXResourcesBuildPhase section */

/* Begin PBXSourcesBuildPhase section */
		FCA15CD967E4071093E92563 /* Sources */ = {
			isa = PBXSourcesBuildPhase;
			buildActionMask = 2147483647;
			files = (
				FCA157C4E8D5C3873B4483AD /* AppDelegate.swift in Sources */,
				FCA15BFC3D31B9FF5D02C1AD /* ViewController.swift in Sources */,
				FCA15A9550A1D5BD3AA291F1 /* NightManager.swift in Sources */,
				FCA156B335D9F394A315BAF0 /* SetVC.swift in Sources */,
			);
			runOnlyForDeploymentPostprocessing = 0;
		};
/* End PBXSourcesBuildPhase section */

/* Begin PBXVariantGroup section */
		FCA150B3A9B75DDDFDB76F68 /* Main.storyboard */ = {
			isa = PBXVariantGroup;
			children = (
				FCA15B64DC61AFF0CDFAF476 /* Base */,
			);
			name = Main.storyboard;
			sourceTree = "<group>";
		};
		FCA15C6C843FAB033EF67382 /* LaunchScreen.storyboard */ = {
			isa = PBXVariantGroup;
			children = (
				FCA150045EAD396016BC4FE3 /* Base */,
			);
			name = LaunchScreen.storyboard;
			sourceTree = "<group>";
		};
/* End PBXVariantGroup section */

/* Begin XCBuildConfiguration section */
		FCA151E093D37CCE802FD613 /* Release */ = {
			isa = XCBuildConfiguration;
			buildSettings = {
				ASSETCATALOG_COMPILER_APPICON_NAME = AppIcon;
				DEVELOPMENT_TEAM = FCKB72E74L;
				INFOPLIST_FILE = NightMode_Leon/Info.plist;
				LD_RUNPATH_SEARCH_PATHS = "$(inherited) @executable_path/Frameworks";
				PRODUCT_BUNDLE_IDENTIFIER = "com.clem.www.NightMode-Leon";
				PRODUCT_NAME = "$(TARGET_NAME)";
				SWIFT_VERSION = 4.0;
				TARGETED_DEVICE_FAMILY = "1,2";
			};
			name = Release;
		};
		FCA1578877B3E88766978C2F /* Debug */ = {
			isa = XCBuildConfiguration;
			buildSettings = {
				ALWAYS_SEARCH_USER_PATHS = NO;
				CLANG_ANALYZER_NONNULL = YES;
				CLANG_ANALYZER_NUMBER_OBJECT_CONVERSION = YES_AGGRESSIVE;
				CLANG_CXX_LANGUAGE_STANDARD = "gnu++14";
				CLANG_CXX_LIBRARY = "libc++";
				CLANG_ENABLE_MODULES = YES;
				CLANG_ENABLE_OBJC_ARC = YES;
				CLANG_WARN_BLOCK_CAPTURE_AUTORELEASING = YES;
				CLANG_WARN_BOOL_CONVERSION = YES;
				CLANG_WARN_COMMA = YES;
				CLANG_WARN_CONSTANT_CONVERSION = YES;
				CLANG_WARN_DIRECT_OBJC_ISA_USAGE = YES_ERROR;
				CLANG_WARN_DOCUMENTATION_COMMENTS = YES;
				CLANG_WARN_EMPTY_BODY = YES;
				CLANG_WARN_ENUM_CONVERSION = YES;
				CLANG_WARN_INFINITE_RECURSION = YES;
				CLANG_WARN_INT_CONVERSION = YES;
				CLANG_WARN_NON_LITERAL_NULL_CONVERSION = YES;
				CLANG_WARN_OBJC_LITERAL_CONVERSION = YES;
				CLANG_WARN_OBJC_ROOT_CLASS = YES_ERROR;
				CLANG_WARN_RANGE_LOOP_ANALYSIS = YES;
				CLANG_WARN_STRICT_PROTOTYPES = YES;
				CLANG_WARN_SUSPICIOUS_MOVE = YES;
				CLANG_WARN_UNGUARDED_AVAILABILITY = YES_AGGRESSIVE;
				CLANG_WARN_UNREACHABLE_CODE = YES;
				CLANG_WARN__DUPLICATE_METHOD_MATCH = YES;
				CODE_SIGN_IDENTITY = "iPhone Developer";
				COPY_PHASE_STRIP = NO;
				DEBUG_INFORMATION_FORMAT = dwarf;
				ENABLE_STRICT_OBJC_MSGSEND = YES;
				ENABLE_TESTABILITY = YES;
				GCC_C_LANGUAGE_STANDARD = gnu11;
				GCC_DYNAMIC_NO_PIC = NO;
				GCC_NO_COMMON_BLOCKS = YES;
				GCC_OPTIMIZATION_LEVEL = 0;
				GCC_PREPROCESSOR_DEFINITIONS = (
					"DEBUG=1",
					"$(inherited)",
				);
				GCC_WARN_64_TO_32_BIT_CONVERSION = YES;
				GCC_WARN_ABOUT_RETURN_TYPE = YES_ERROR;
				GCC_WARN_UNDECLARED_SELECTOR = YES;
				GCC_WARN_UNINITIALIZED_AUTOS = YES_AGGRESSIVE;
				GCC_WARN_UNUSED_FUNCTION = YES;
				GCC_WARN_UNUSED_VARIABLE = YES;
				IPHONEOS_DEPLOYMENT_TARGET = 11.2;
				MTL_ENABLE_DEBUG_INFO = YES;
				ONLY_ACTIVE_ARCH = YES;
				SDKROOT = iphoneos;
				SWIFT_ACTIVE_COMPILATION_CONDITIONS = DEBUG;
				SWIFT_OPTIMIZATION_LEVEL = "-Onone";
			};
			name = Debug;
		};
		FCA158F78A049415CB6C15CB /* Release */ = {
			isa = XCBuildConfiguration;
			buildSettings = {
				ALWAYS_SEARCH_USER_PATHS = NO;
				CLANG_ANALYZER_NONNULL = YES;
				CLANG_ANALYZER_NUMBER_OBJECT_CONVERSION = YES_AGGRESSIVE;
				CLANG_CXX_LANGUAGE_STANDARD = "gnu++14";
				CLANG_CXX_LIBRARY = "libc++";
				CLANG_ENABLE_MODULES = YES;
				CLANG_ENABLE_OBJC_ARC = YES;
				CLANG_WARN_BLOCK_CAPTURE_AUTORELEASING = YES;
				CLANG_WARN_BOOL_CONVERSION = YES;
				CLANG_WARN_COMMA = YES;
				CLANG_WARN_CONSTANT_CONVERSION = YES;
				CLANG_WARN_DIRECT_OBJC_ISA_USAGE = YES_ERROR;
				CLANG_WARN_DOCUMENTATION_COMMENTS = YES;
				CLANG_WARN_EMPTY_BODY = YES;
				CLANG_WARN_ENUM_CONVERSION = YES;
				CLANG_WARN_INFINITE_RECURSION = YES;
				CLANG_WARN_INT_CONVERSION = YES;
				CLANG_WARN_NON_LITERAL_NULL_CONVERSION = YES;
				CLANG_WARN_OBJC_LITERAL_CONVERSION = YES;
				CLANG_WARN_OBJC_ROOT_CLASS = YES_ERROR;
				CLANG_WARN_RANGE_LOOP_ANALYSIS = YES;
				CLANG_WARN_STRICT_PROTOTYPES = YES;
				CLANG_WARN_SUSPICIOUS_MOVE = YES;
				CLANG_WARN_UNGUARDED_AVAILABILITY = YES_AGGRESSIVE;
				CLANG_WARN_UNREACHABLE_CODE = YES;
				CLANG_WARN__DUPLICATE_METHOD_MATCH = YES;
				CODE_SIGN_IDENTITY = "iPhone Developer";
				COPY_PHASE_STRIP = NO;
				DEBUG_INFORMATION_FORMAT = "dwarf-with-dsym";
				ENABLE_NS_ASSERTIONS = NO;
				ENABLE_STRICT_OBJC_MSGSEND = YES;
				GCC_C_LANGUAGE_STANDARD = gnu11;
				GCC_NO_COMMON_BLOCKS = YES;
				GCC_WARN_64_TO_32_BIT_CONVERSION = YES;
				GCC_WARN_ABOUT_RETURN_TYPE = YES_ERROR;
				GCC_WARN_UNDECLARED_SELECTOR = YES;
				GCC_WARN_UNINITIALIZED_AUTOS = YES_AGGRESSIVE;
				GCC_WARN_UNUSED_FUNCTION = YES;
				GCC_WARN_UNUSED_VARIABLE = YES;
				IPHONEOS_DEPLOYMENT_TARGET = 11.2;
				MTL_ENABLE_DEBUG_INFO = NO;
				SDKROOT = iphoneos;
				SWIFT_OPTIMIZATION_LEVEL = "-Owholemodule";
				VALIDATE_PRODUCT = YES;
			};
			name = Release;
		};
		FCA15C90AF4DECC3A0760475 /* Debug */ = {
			isa = XCBuildConfiguration;
			buildSettings = {
				ASSETCATALOG_COMPILER_APPICON_NAME = AppIcon;
				DEVELOPMENT_TEAM = FCKB72E74L;
				INFOPLIST_FILE = NightMode_Leon/Info.plist;
				LD_RUNPATH_SEARCH_PATHS = "$(inherited) @executable_path/Frameworks";
				PRODUCT_BUNDLE_IDENTIFIER = "com.clem.www.NightMode-Leon";
				PRODUCT_NAME = "$(TARGET_NAME)";
				SWIFT_VERSION = 4.0;
				TARGETED_DEVICE_FAMILY = "1,2";
			};
			name = Debug;
		};
/* End XCBuildConfiguration section */

/* Begin XCConfigurationList section */
		FCA15C968A49C4FB85E8A2F7 /* Build configuration list for PBXProject "NightMode_Leon" */ = {
			isa = XCConfigurationList;
			buildConfigurations = (
				FCA1578877B3E88766978C2F /* Debug */,
				FCA158F78A049415CB6C15CB /* Release */,
			);
			defaultConfigurationIsVisible = 0;
			defaultConfigurationName = Release;
		};
		FCA15C98C321024FF819B3E0 /* Build configuration list for PBXNativeTarget "NightMode_Leon" */ = {
			isa = XCConfigurationList;
			buildConfigurations = (
				FCA15C90AF4DECC3A0760475 /* Debug */,
				FCA151E093D37CCE802FD613 /* Release */,
			);
			defaultConfigurationIsVisible = 0;
			defaultConfigurationName = Release;
		};
/* End XCConfigurationList section */
	};
	rootObject = FCA156DE36C631C2BC01026C /* Project object */;
}
